
Microsoft Visual Studio Solution File, Format Version 12.00
# Visual Studio Version 16
VisualStudioVersion = 25.0.1706.13
MinimumVisualStudioVersion = 10.0.40219.1
Project("{FAE04EC0-301F-11D3-BF4B-00C04F79EFBC}") = "OnlineService", "OnlineService\OnlineService.csproj", "{13B2F542-F3E5-412B-A0BE-38EACD0C5F56}"
EndProject
Global
	GlobalSection(SolutionConfigurationPlatforms) = preSolution
		Debug|Any CPU = Debug|Any CPU
		Release|Any CPU = Release|Any CPU
	EndGlobalSection
	GlobalSection(ProjectConfigurationPlatforms) = postSolution
		{13B2F542-F3E5-412B-A0BE-38EACD0C5F56}.Debug|Any CPU.ActiveCfg = Debug|Any CPU
		{13B2F542-F3E5-412B-A0BE-38EACD0C5F56}.Debug|Any CPU.Build.0 = Debug|Any CPU
		{13B2F542-F3E5-412B-A0BE-38EACD0C5F56}.Release|Any CPU.ActiveCfg = Release|Any CPU
		{13B2F542-F3E5-412B-A0BE-38EACD0C5F56}.Release|Any CPU.Build.0 = Release|Any CPU
	EndGlobalSection
	GlobalSection(SolutionProperties) = preSolution
		HideSolutionNode = FALSE
	EndGlobalSection
	GlobalSection(ExtensibilityGlobals) = postSolution
		SolutionGuid = {57CA9B7D-E594-4FDB-9B82-3F80F99DA780}
	EndGlobalSection
EndGlobal
